// !$*UTF8*$!
{
	archiveVersion = 1;
	classes = {
	};
	objectVersion = 55;
	objects = {

/* Begin PBXBuildFile section */
		552E40282871F21B00354E20 /* Image+Extension.swift in Sources */ = {isa = PBXBuildFile; fileRef = 552E40272871F21B00354E20 /* Image+Extension.swift */; };
		552E402A2872136A00354E20 /* ApiKey.swift in Sources */ = {isa = PBXBuildFile; fileRef = 552E40292872136A00354E20 /* ApiKey.swift */; };
		55CFE53D2871CC44001B5A66 /* SwiftUI_MVVMApp.swift in Sources */ = {isa = PBXBuildFile; fileRef = 55CFE53C2871CC44001B5A66 /* SwiftUI_MVVMApp.swift */; };
		55CFE53F2871CC44001B5A66 /* ContentView.swift in Sources */ = {isa = PBXBuildFile; fileRef = 55CFE53E2871CC44001B5A66 /* ContentView.swift */; };
		55CFE5412871CC48001B5A66 /* Assets.xcassets in Resources */ = {isa = PBXBuildFile; fileRef = 55CFE5402871CC48001B5A66 /* Assets.xcassets */; };
		55CFE5442871CC48001B5A66 /* Preview Assets.xcassets in Resources */ = {isa = PBXBuildFile; fileRef = 55CFE5432871CC48001B5A66 /* Preview Assets.xcassets */; };
		55CFE54E2871CC49001B5A66 /* SwiftUI_MVVMTests.swift in Sources */ = {isa = PBXBuildFile; fileRef = 55CFE54D2871CC49001B5A66 /* SwiftUI_MVVMTests.swift */; };
		55CFE5582871CC49001B5A66 /* SwiftUI_MVVMUITests.swift in Sources */ = {isa = PBXBuildFile; fileRef = 55CFE5572871CC49001B5A66 /* SwiftUI_MVVMUITests.swift */; };
		55CFE55A2871CC49001B5A66 /* SwiftUI_MVVMUITestsLaunchTests.swift in Sources */ = {isa = PBXBuildFile; fileRef = 55CFE5592871CC49001B5A66 /* SwiftUI_MVVMUITestsLaunchTests.swift */; };
		55CFE5682871CD66001B5A66 /* MovieModel.swift in Sources */ = {isa = PBXBuildFile; fileRef = 55CFE5672871CD66001B5A66 /* MovieModel.swift */; };
		55CFE56A2871CD98001B5A66 /* CastModel.swift in Sources */ = {isa = PBXBuildFile; fileRef = 55CFE5692871CD98001B5A66 /* CastModel.swift */; };
		55CFE56D2871CDF5001B5A66 /* ApiManager.swift in Sources */ = {isa = PBXBuildFile; fileRef = 55CFE56C2871CDF5001B5A66 /* ApiManager.swift */; };
		55CFE56F2871CE0B001B5A66 /* ApiService.swift in Sources */ = {isa = PBXBuildFile; fileRef = 55CFE56E2871CE0B001B5A66 /* ApiService.swift */; };
		55CFE5722871CE30001B5A66 /* Alamofire in Frameworks */ = {isa = PBXBuildFile; productRef = 55CFE5712871CE30001B5A66 /* Alamofire */; };
		55CFE5752871CEA5001B5A66 /* MovieCell.swift in Sources */ = {isa = PBXBuildFile; fileRef = 55CFE5742871CEA5001B5A66 /* MovieCell.swift */; };
		55CFE5782871CF82001B5A66 /* Constants.swift in Sources */ = {isa = PBXBuildFile; fileRef = 55CFE5772871CF82001B5A66 /* Constants.swift */; };
		55CFE57B2871EA23001B5A66 /* MainViewModel.swift in Sources */ = {isa = PBXBuildFile; fileRef = 55CFE57A2871EA23001B5A66 /* MainViewModel.swift */; };
/* End PBXBuildFile section */

/* Begin PBXContainerItemProxy section */
		55CFE54A2871CC49001B5A66 /* PBXContainerItemProxy */ = {
			isa = PBXContainerItemProxy;
			containerPortal = 55CFE5312871CC44001B5A66 /* Project object */;
			proxyType = 1;
			remoteGlobalIDString = 55CFE5382871CC44001B5A66;
			remoteInfo = "SwiftUI-MVVM";
		};
		55CFE5542871CC49001B5A66 /* PBXContainerItemProxy */ = {
			isa = PBXContainerItemProxy;
			containerPortal = 55CFE5312871CC44001B5A66 /* Project object */;
			proxyType = 1;
			remoteGlobalIDString = 55CFE5382871CC44001B5A66;
			remoteInfo = "SwiftUI-MVVM";
		};
/* End PBXContainerItemProxy section */

/* Begin PBXFileReference section */
		552E40272871F21B00354E20 /* Image+Extension.swift */ = {isa = PBXFileReference; lastKnownFileType = sourcecode.swift; path = "Image+Extension.swift"; sourceTree = "<group>"; };
		552E40292872136A00354E20 /* ApiKey.swift */ = {isa = PBXFileReference; lastKnownFileType = sourcecode.swift; path = ApiKey.swift; sourceTree = "<group>"; };
		55CFE5392871CC44001B5A66 /* SwiftUI-MVVM.app */ = {isa = PBXFileReference; explicitFileType = wrapper.application; includeInIndex = 0; path = "SwiftUI-MVVM.app"; sourceTree = BUILT_PRODUCTS_DIR; };
		55CFE53C2871CC44001B5A66 /* SwiftUI_MVVMApp.swift */ = {isa = PBXFileReference; lastKnownFileType = sourcecode.swift; path = SwiftUI_MVVMApp.swift; sourceTree = "<group>"; };
		55CFE53E2871CC44001B5A66 /* ContentView.swift */ = {isa = PBXFileReference; lastKnownFileType = sourcecode.swift; path = ContentView.swift; sourceTree = "<group>"; };
		55CFE5402871CC48001B5A66 /* Assets.xcassets */ = {isa = PBXFileReference; lastKnownFileType = folder.assetcatalog; path = Assets.xcassets; sourceTree = "<group>"; };
		55CFE5432871CC48001B5A66 /* Preview Assets.xcassets */ = {isa = PBXFileReference; lastKnownFileType = folder.assetcatalog; path = "Preview Assets.xcassets"; sourceTree = "<group>"; };
		55CFE5492871CC49001B5A66 /* SwiftUI-MVVMTests.xctest */ = {isa = PBXFileReference; explicitFileType = wrapper.cfbundle; includeInIndex = 0; path = "SwiftUI-MVVMTests.xctest"; sourceTree = BUILT_PRODUCTS_DIR; };
		55CFE54D2871CC49001B5A66 /* SwiftUI_MVVMTests.swift */ = {isa = PBXFileReference; lastKnownFileType = sourcecode.swift; path = SwiftUI_MVVMTests.swift; sourceTree = "<group>"; };
		55CFE5532871CC49001B5A66 /* SwiftUI-MVVMUITests.xctest */ = {isa = PBXFileReference; explicitFileType = wrapper.cfbundle; includeInIndex = 0; path = "SwiftUI-MVVMUITests.xctest"; sourceTree = BUILT_PRODUCTS_DIR; };
		55CFE5572871CC49001B5A66 /* SwiftUI_MVVMUITests.swift */ = {isa = PBXFileReference; lastKnownFileType = sourcecode.swift; path = SwiftUI_MVVMUITests.swift; sourceTree = "<group>"; };
		55CFE5592871CC49001B5A66 /* SwiftUI_MVVMUITestsLaunchTests.swift */ = {isa = PBXFileReference; lastKnownFileType = sourcecode.swift; path = SwiftUI_MVVMUITestsLaunchTests.swift; sourceTree = "<group>"; };
		55CFE5672871CD66001B5A66 /* MovieModel.swift */ = {isa = PBXFileReference; lastKnownFileType = sourcecode.swift; path = MovieModel.swift; sourceTree = "<group>"; };
		55CFE5692871CD98001B5A66 /* CastModel.swift */ = {isa = PBXFileReference; lastKnownFileType = sourcecode.swift; path = CastModel.swift; sourceTree = "<group>"; };
		55CFE56C2871CDF5001B5A66 /* ApiManager.swift */ = {isa = PBXFileReference; lastKnownFileType = sourcecode.swift; path = ApiManager.swift; sourceTree = "<group>"; };
		55CFE56E2871CE0B001B5A66 /* ApiService.swift */ = {isa = PBXFileReference; lastKnownFileType = sourcecode.swift; path = ApiService.swift; sourceTree = "<group>"; };
		55CFE5742871CEA5001B5A66 /* MovieCell.swift */ = {isa = PBXFileReference; lastKnownFileType = sourcecode.swift; path = MovieCell.swift; sourceTree = "<group>"; };
		55CFE5772871CF82001B5A66 /* Constants.swift */ = {isa = PBXFileReference; lastKnownFileType = sourcecode.swift; path = Constants.swift; sourceTree = "<group>"; };
		55CFE57A2871EA23001B5A66 /* MainViewModel.swift */ = {isa = PBXFileReference; lastKnownFileType = sourcecode.swift; path = MainViewModel.swift; sourceTree = "<group>"; };
/* End PBXFileReference section */

/* Begin PBXFrameworksBuildPhase section */
		55CFE5362871CC44001B5A66 /* Frameworks */ = {
			isa = PBXFrameworksBuildPhase;
			buildActionMask = 2147483647;
			files = (
				55CFE5722871CE30001B5A66 /* Alamofire in Frameworks */,
			);
			runOnlyForDeploymentPostprocessing = 0;
		};
		55CFE5462871CC49001B5A66 /* Frameworks */ = {
			isa = PBXFrameworksBuildPhase;
			buildActionMask = 2147483647;
			files = (
			);
			runOnlyForDeploymentPostprocessing = 0;
		};
		55CFE5502871CC49001B5A66 /* Frameworks */ = {
			isa = PBXFrameworksBuildPhase;
			buildActionMask = 2147483647;
			files = (
			);
			runOnlyForDeploymentPostprocessing = 0;
		};
/* End PBXFrameworksBuildPhase section */

/* Begin PBXGroup section */
		552E40262871F20800354E20 /* Image+Extension */ = {
			isa = PBXGroup;
			children = (
				552E40272871F21B00354E20 /* Image+Extension.swift */,
			);
			path = "Image+Extension";
			sourceTree = "<group>";
		};
		55CFE5302871CC44001B5A66 = {
			isa = PBXGroup;
			children = (
				55CFE53B2871CC44001B5A66 /* SwiftUI-MVVM */,
				55CFE54C2871CC49001B5A66 /* SwiftUI-MVVMTests */,
				55CFE5562871CC49001B5A66 /* SwiftUI-MVVMUITests */,
				55CFE53A2871CC44001B5A66 /* Products */,
			);
			sourceTree = "<group>";
		};
		55CFE53A2871CC44001B5A66 /* Products */ = {
			isa = PBXGroup;
			children = (
				55CFE5392871CC44001B5A66 /* SwiftUI-MVVM.app */,
				55CFE5492871CC49001B5A66 /* SwiftUI-MVVMTests.xctest */,
				55CFE5532871CC49001B5A66 /* SwiftUI-MVVMUITests.xctest */,
			);
			name = Products;
			sourceTree = "<group>";
		};
		55CFE53B2871CC44001B5A66 /* SwiftUI-MVVM */ = {
			isa = PBXGroup;
			children = (
				552E40262871F20800354E20 /* Image+Extension */,
				55CFE5792871EA09001B5A66 /* ViewModel */,
				55CFE5762871CF72001B5A66 /* Constants */,
				55CFE5732871CE86001B5A66 /* CustomView */,
				55CFE56B2871CDE7001B5A66 /* Manager */,
				55CFE5662871CD59001B5A66 /* Model */,
				55CFE53C2871CC44001B5A66 /* SwiftUI_MVVMApp.swift */,
				55CFE53E2871CC44001B5A66 /* ContentView.swift */,
				55CFE5402871CC48001B5A66 /* Assets.xcassets */,
				55CFE5422871CC48001B5A66 /* Preview Content */,
			);
			path = "SwiftUI-MVVM";
			sourceTree = "<group>";
		};
		55CFE5422871CC48001B5A66 /* Preview Content */ = {
			isa = PBXGroup;
			children = (
				55CFE5432871CC48001B5A66 /* Preview Assets.xcassets */,
			);
			path = "Preview Content";
			sourceTree = "<group>";
		};
		55CFE54C2871CC49001B5A66 /* SwiftUI-MVVMTests */ = {
			isa = PBXGroup;
			children = (
				55CFE54D2871CC49001B5A66 /* SwiftUI_MVVMTests.swift */,
			);
			path = "SwiftUI-MVVMTests";
			sourceTree = "<group>";
		};
		55CFE5562871CC49001B5A66 /* SwiftUI-MVVMUITests */ = {
			isa = PBXGroup;
			children = (
				55CFE5572871CC49001B5A66 /* SwiftUI_MVVMUITests.swift */,
				55CFE5592871CC49001B5A66 /* SwiftUI_MVVMUITestsLaunchTests.swift */,
			);
			path = "SwiftUI-MVVMUITests";
			sourceTree = "<group>";
		};
		55CFE5662871CD59001B5A66 /* Model */ = {
			isa = PBXGroup;
			children = (
				55CFE5672871CD66001B5A66 /* MovieModel.swift */,
				55CFE5692871CD98001B5A66 /* CastModel.swift */,
			);
			path = Model;
			sourceTree = "<group>";
		};
		55CFE56B2871CDE7001B5A66 /* Manager */ = {
			isa = PBXGroup;
			children = (
				55CFE56C2871CDF5001B5A66 /* ApiManager.swift */,
				55CFE56E2871CE0B001B5A66 /* ApiService.swift */,
			);
			path = Manager;
			sourceTree = "<group>";
		};
		55CFE5732871CE86001B5A66 /* CustomView */ = {
			isa = PBXGroup;
			children = (
				55CFE5742871CEA5001B5A66 /* MovieCell.swift */,
			);
			path = CustomView;
			sourceTree = "<group>";
		};
		55CFE5762871CF72001B5A66 /* Constants */ = {
			isa = PBXGroup;
			children = (
				55CFE5772871CF82001B5A66 /* Constants.swift */,
				552E40292872136A00354E20 /* ApiKey.swift */,
			);
			path = Constants;
			sourceTree = "<group>";
		};
		55CFE5792871EA09001B5A66 /* ViewModel */ = {
			isa = PBXGroup;
			children = (
				55CFE57A2871EA23001B5A66 /* MainViewModel.swift */,
			);
			path = ViewModel;
			sourceTree = "<group>";
		};
/* End PBXGroup section */

/* Begin PBXNativeTarget section */
		55CFE5382871CC44001B5A66 /* SwiftUI-MVVM */ = {
			isa = PBXNativeTarget;
			buildConfigurationList = 55CFE55D2871CC49001B5A66 /* Build configuration list for PBXNativeTarget "SwiftUI-MVVM" */;
			buildPhases = (
				55CFE5352871CC44001B5A66 /* Sources */,
				55CFE5362871CC44001B5A66 /* Frameworks */,
				55CFE5372871CC44001B5A66 /* Resources */,
			);
			buildRules = (
			);
			dependencies = (
			);
			name = "SwiftUI-MVVM";
			packageProductDependencies = (
				55CFE5712871CE30001B5A66 /* Alamofire */,
			);
			productName = "SwiftUI-MVVM";
			productReference = 55CFE5392871CC44001B5A66 /* SwiftUI-MVVM.app */;
			productType = "com.apple.product-type.application";
		};
		55CFE5482871CC49001B5A66 /* SwiftUI-MVVMTests */ = {
			isa = PBXNativeTarget;
			buildConfigurationList = 55CFE5602871CC49001B5A66 /* Build configuration list for PBXNativeTarget "SwiftUI-MVVMTests" */;
			buildPhases = (
				55CFE5452871CC49001B5A66 /* Sources */,
				55CFE5462871CC49001B5A66 /* Frameworks */,
				55CFE5472871CC49001B5A66 /* Resources */,
			);
			buildRules = (
			);
			dependencies = (
				55CFE54B2871CC49001B5A66 /* PBXTargetDependency */,
			);
			name = "SwiftUI-MVVMTests";
			productName = "SwiftUI-MVVMTests";
			productReference = 55CFE5492871CC49001B5A66 /* SwiftUI-MVVMTests.xctest */;
			productType = "com.apple.product-type.bundle.unit-test";
		};
		55CFE5522871CC49001B5A66 /* SwiftUI-MVVMUITests */ = {
			isa = PBXNativeTarget;
			buildConfigurationList = 55CFE5632871CC49001B5A66 /* Build configuration list for PBXNativeTarget "SwiftUI-MVVMUITests" */;
			buildPhases = (
				55CFE54F2871CC49001B5A66 /* Sources */,
				55CFE5502871CC49001B5A66 /* Frameworks */,
				55CFE5512871CC49001B5A66 /* Resources */,
			);
			buildRules = (
			);
			dependencies = (
				55CFE5552871CC49001B5A66 /* PBXTargetDependency */,
			);
			name = "SwiftUI-MVVMUITests";
			productName = "SwiftUI-MVVMUITests";
			productReference = 55CFE5532871CC49001B5A66 /* SwiftUI-MVVMUITests.xctest */;
			productType = "com.apple.product-type.bundle.ui-testing";
		};
/* End PBXNativeTarget section */

/* Begin PBXProject section */
		55CFE5312871CC44001B5A66 /* Project object */ = {
			isa = PBXProject;
			attributes = {
				BuildIndependentTargetsInParallel = 1;
				LastSwiftUpdateCheck = 1330;
				LastUpgradeCheck = 1330;
				TargetAttributes = {
					55CFE5382871CC44001B5A66 = {
						CreatedOnToolsVersion = 13.3.1;
					};
					55CFE5482871CC49001B5A66 = {
						CreatedOnToolsVersion = 13.3.1;
						TestTargetID = 55CFE5382871CC44001B5A66;
					};
					55CFE5522871CC49001B5A66 = {
						CreatedOnToolsVersion = 13.3.1;
						TestTargetID = 55CFE5382871CC44001B5A66;
					};
				};
			};
			buildConfigurationList = 55CFE5342871CC44001B5A66 /* Build configuration list for PBXProject "SwiftUI-MVVM" */;
			compatibilityVersion = "Xcode 13.0";
			developmentRegion = en;
			hasScannedForEncodings = 0;
			knownRegions = (
				en,
				Base,
			);
			mainGroup = 55CFE5302871CC44001B5A66;
			packageReferences = (
				55CFE5702871CE30001B5A66 /* XCRemoteSwiftPackageReference "Alamofire" */,
			);
			productRefGroup = 55CFE53A2871CC44001B5A66 /* Products */;
			projectDirPath = "";
			projectRoot = "";
			targets = (
				55CFE5382871CC44001B5A66 /* SwiftUI-MVVM */,
				55CFE5482871CC49001B5A66 /* SwiftUI-MVVMTests */,
				55CFE5522871CC49001B5A66 /* SwiftUI-MVVMUITests */,
			);
		};
/* End PBXProject section */

/* Begin PBXResourcesBuildPhase section */
		55CFE5372871CC44001B5A66 /* Resources */ = {
			isa = PBXResourcesBuildPhase;
			buildActionMask = 2147483647;
			files = (
				55CFE5442871CC48001B5A66 /* Preview Assets.xcassets in Resources */,
				55CFE5412871CC48001B5A66 /* Assets.xcassets in Resources */,
			);
			runOnlyForDeploymentPostprocessing = 0;
		};
		55CFE5472871CC49001B5A66 /* Resources */ = {
			isa = PBXResourcesBuildPhase;
			buildActionMask = 2147483647;
			files = (
			);
			runOnlyForDeploymentPostprocessing = 0;
		};
		55CFE5512871CC49001B5A66 /* Resources */ = {
			isa = PBXResourcesBuildPhase;
			buildActionMask = 2147483647;
			files = (
			);
			runOnlyForDeploymentPostprocessing = 0;
		};
/* End PBXResourcesBuildPhase section */

/* Begin PBXSourcesBuildPhase section */
		55CFE5352871CC44001B5A66 /* Sources */ = {
			isa = PBXSourcesBuildPhase;
			buildActionMask = 2147483647;
			files = (
				55CFE5752871CEA5001B5A66 /* MovieCell.swift in Sources */,
				55CFE5682871CD66001B5A66 /* MovieModel.swift in Sources */,
				55CFE53F2871CC44001B5A66 /* ContentView.swift in Sources */,
				55CFE56F2871CE0B001B5A66 /* ApiService.swift in Sources */,
				552E402A2872136A00354E20 /* ApiKey.swift in Sources */,
				55CFE56D2871CDF5001B5A66 /* ApiManager.swift in Sources */,
				552E40282871F21B00354E20 /* Image+Extension.swift in Sources */,
				55CFE56A2871CD98001B5A66 /* CastModel.swift in Sources */,
				55CFE53D2871CC44001B5A66 /* SwiftUI_MVVMApp.swift in Sources */,
				55CFE5782871CF82001B5A66 /* Constants.swift in Sources */,
				55CFE57B2871EA23001B5A66 /* MainViewModel.swift in Sources */,
			);
			runOnlyForDeploymentPostprocessing = 0;
		};
		55CFE5452871CC49001B5A66 /* Sources */ = {
			isa = PBXSourcesBuildPhase;
			buildActionMask = 2147483647;
			files = (
				55CFE54E2871CC49001B5A66 /* SwiftUI_MVVMTests.swift in Sources */,
			);
			runOnlyForDeploymentPostprocessing = 0;
		};
		55CFE54F2871CC49001B5A66 /* Sources */ = {
			isa = PBXSourcesBuildPhase;
			buildActionMask = 2147483647;
			files = (
				55CFE55A2871CC49001B5A66 /* SwiftUI_MVVMUITestsLaunchTests.swift in Sources */,
				55CFE5582871CC49001B5A66 /* SwiftUI_MVVMUITests.swift in Sources */,
			);
			runOnlyForDeploymentPostprocessing = 0;
		};
/* End PBXSourcesBuildPhase section */

/* Begin PBXTargetDependency section */
		55CFE54B2871CC49001B5A66 /* PBXTargetDependency */ = {
			isa = PBXTargetDependency;
			target = 55CFE5382871CC44001B5A66 /* SwiftUI-MVVM */;
			targetProxy = 55CFE54A2871CC49001B5A66 /* PBXContainerItemProxy */;
		};
		55CFE5552871CC49001B5A66 /* PBXTargetDependency */ = {
			isa = PBXTargetDependency;
			target = 55CFE5382871CC44001B5A66 /* SwiftUI-MVVM */;
			targetProxy = 55CFE5542871CC49001B5A66 /* PBXContainerItemProxy */;
		};
/* End PBXTargetDependency section */

/* Begin XCBuildConfiguration section */
		55CFE55B2871CC49001B5A66 /* Debug */ = {
			isa = XCBuildConfiguration;
			buildSettings = {
				ALWAYS_SEARCH_USER_PATHS = NO;
				CLANG_ANALYZER_NONNULL = YES;
				CLANG_ANALYZER_NUMBER_OBJECT_CONVERSION = YES_AGGRESSIVE;
				CLANG_CXX_LANGUAGE_STANDARD = "gnu++17";
				CLANG_ENABLE_MODULES = YES;
				CLANG_ENABLE_OBJC_ARC = YES;
				CLANG_ENABLE_OBJC_WEAK = YES;
				CLANG_WARN_BLOCK_CAPTURE_AUTORELEASING = YES;
				CLANG_WARN_BOOL_CONVERSION = YES;
				CLANG_WARN_COMMA = YES;
				CLANG_WARN_CONSTANT_CONVERSION = YES;
				CLANG_WARN_DEPRECATED_OBJC_IMPLEMENTATIONS = YES;
				CLANG_WARN_DIRECT_OBJC_ISA_USAGE = YES_ERROR;
				CLANG_WARN_DOCUMENTATION_COMMENTS = YES;
				CLANG_WARN_EMPTY_BODY = YES;
				CLANG_WARN_ENUM_CONVERSION = YES;
				CLANG_WARN_INFINITE_RECURSION = YES;
				CLANG_WARN_INT_CONVERSION = YES;
				CLANG_WARN_NON_LITERAL_NULL_CONVERSION = YES;
				CLANG_WARN_OBJC_IMPLICIT_RETAIN_SELF = YES;
				CLANG_WARN_OBJC_LITERAL_CONVERSION = YES;
				CLANG_WARN_OBJC_ROOT_CLASS = YES_ERROR;
				CLANG_WARN_QUOTED_INCLUDE_IN_FRAMEWORK_HEADER = YES;
				CLANG_WARN_RANGE_LOOP_ANALYSIS = YES;
				CLANG_WARN_STRICT_PROTOTYPES = YES;
				CLANG_WARN_SUSPICIOUS_MOVE = YES;
				CLANG_WARN_UNGUARDED_AVAILABILITY = YES_AGGRESSIVE;
				CLANG_WARN_UNREACHABLE_CODE = YES;
				CLANG_WARN__DUPLICATE_METHOD_MATCH = YES;
				COPY_PHASE_STRIP = NO;
				DEBUG_INFORMATION_FORMAT = dwarf;
				ENABLE_STRICT_OBJC_MSGSEND = YES;
				ENABLE_TESTABILITY = YES;
				GCC_C_LANGUAGE_STANDARD = gnu11;
				GCC_DYNAMIC_NO_PIC = NO;
				GCC_NO_COMMON_BLOCKS = YES;
				GCC_OPTIMIZATION_LEVEL = 0;
				GCC_PREPROCESSOR_DEFINITIONS = (
					"DEBUG=1",
					"$(inherited)",
				);
				GCC_WARN_64_TO_32_BIT_CONVERSION = YES;
				GCC_WARN_ABOUT_RETURN_TYPE = YES_ERROR;
				GCC_WARN_UNDECLARED_SELECTOR = YES;
				GCC_WARN_UNINITIALIZED_AUTOS = YES_AGGRESSIVE;
				GCC_WARN_UNUSED_FUNCTION = YES;
				GCC_WARN_UNUSED_VARIABLE = YES;
				IPHONEOS_DEPLOYMENT_TARGET = 15.4;
				MTL_ENABLE_DEBUG_INFO = INCLUDE_SOURCE;
				MTL_FAST_MATH = YES;
				ONLY_ACTIVE_ARCH = YES;
				SDKROOT = iphoneos;
				SWIFT_ACTIVE_COMPILATION_CONDITIONS = DEBUG;
				SWIFT_OPTIMIZATION_LEVEL = "-Onone";
			};
			name = Debug;
		};
		55CFE55C2871CC49001B5A66 /* Release */ = {
			isa = XCBuildConfiguration;
			buildSettings = {
				ALWAYS_SEARCH_USER_PATHS = NO;
				CLANG_ANALYZER_NONNULL = YES;
				CLANG_ANALYZER_NUMBER_OBJECT_CONVERSION = YES_AGGRESSIVE;
				CLANG_CXX_LANGUAGE_STANDARD = "gnu++17";
				CLANG_ENABLE_MODULES = YES;
				CLANG_ENABLE_OBJC_ARC = YES;
				CLANG_ENABLE_OBJC_WEAK = YES;
				CLANG_WARN_BLOCK_CAPTURE_AUTORELEASING = YES;
				CLANG_WARN_BOOL_CONVERSION = YES;
				CLANG_WARN_COMMA = YES;
				CLANG_WARN_CONSTANT_CONVERSION = YES;
				CLANG_WARN_DEPRECATED_OBJC_IMPLEMENTATIONS = YES;
				CLANG_WARN_DIRECT_OBJC_ISA_USAGE = YES_ERROR;
				CLANG_WARN_DOCUMENTATION_COMMENTS = YES;
				CLANG_WARN_EMPTY_BODY = YES;
				CLANG_WARN_ENUM_CONVERSION = YES;
				CLANG_WARN_INFINITE_RECURSION = YES;
				CLANG_WARN_INT_CONVERSION = YES;
				CLANG_WARN_NON_LITERAL_NULL_CONVERSION = YES;
				CLANG_WARN_OBJC_IMPLICIT_RETAIN_SELF = YES;
				CLANG_WARN_OBJC_LITERAL_CONVERSION = YES;
				CLANG_WARN_OBJC_ROOT_CLASS = YES_ERROR;
				CLANG_WARN_QUOTED_INCLUDE_IN_FRAMEWORK_HEADER = YES;
				CLANG_WARN_RANGE_LOOP_ANALYSIS = YES;
				CLANG_WARN_STRICT_PROTOTYPES = YES;
				CLANG_WARN_SUSPICIOUS_MOVE = YES;
				CLANG_WARN_UNGUARDED_AVAILABILITY = YES_AGGRESSIVE;
				CLANG_WARN_UNREACHABLE_CODE = YES;
				CLANG_WARN__DUPLICATE_METHOD_MATCH = YES;
				COPY_PHASE_STRIP = NO;
				DEBUG_INFORMATION_FORMAT = "dwarf-with-dsym";
				ENABLE_NS_ASSERTIONS = NO;
				ENABLE_STRICT_OBJC_MSGSEND = YES;
				GCC_C_LANGUAGE_STANDARD = gnu11;
				GCC_NO_COMMON_BLOCKS = YES;
				GCC_WARN_64_TO_32_BIT_CONVERSION = YES;
				GCC_WARN_ABOUT_RETURN_TYPE = YES_ERROR;
				GCC_WARN_UNDECLARED_SELECTOR = YES;
				GCC_WARN_UNINITIALIZED_AUTOS = YES_AGGRESSIVE;
				GCC_WARN_UNUSED_FUNCTION = YES;
				GCC_WARN_UNUSED_VARIABLE = YES;
				IPHONEOS_DEPLOYMENT_TARGET = 15.4;
				MTL_ENABLE_DEBUG_INFO = NO;
				MTL_FAST_MATH = YES;
				SDKROOT = iphoneos;
				SWIFT_COMPILATION_MODE = wholemodule;
				SWIFT_OPTIMIZATION_LEVEL = "-O";
				VALIDATE_PRODUCT = YES;
			};
			name = Release;
		};
		55CFE55E2871CC49001B5A66 /* Debug */ = {
			isa = XCBuildConfiguration;
			buildSettings = {
				ASSETCATALOG_COMPILER_APPICON_NAME = AppIcon;
				ASSETCATALOG_COMPILER_GLOBAL_ACCENT_COLOR_NAME = AccentColor;
				CODE_SIGN_STYLE = Automatic;
				CURRENT_PROJECT_VERSION = 1;
				DEVELOPMENT_ASSET_PATHS = "\"SwiftUI-MVVM/Preview Content\"";
				DEVELOPMENT_TEAM = D3WUBZ33Q9;
				ENABLE_PREVIEWS = YES;
				GENERATE_INFOPLIST_FILE = YES;
				INFOPLIST_KEY_UIApplicationSceneManifest_Generation = YES;
				INFOPLIST_KEY_UIApplicationSupportsIndirectInputEvents = YES;
				INFOPLIST_KEY_UILaunchScreen_Generation = YES;
				INFOPLIST_KEY_UISupportedInterfaceOrientations_iPad = "UIInterfaceOrientationPortrait UIInterfaceOrientationPortraitUpsideDown UIInterfaceOrientationLandscapeLeft UIInterfaceOrientationLandscapeRight";
				INFOPLIST_KEY_UISupportedInterfaceOrientations_iPhone = "UIInterfaceOrientationPortrait UIInterfaceOrientationLandscapeLeft UIInterfaceOrientationLandscapeRight";
				LD_RUNPATH_SEARCH_PATHS = (
					"$(inherited)",
					"@executable_path/Frameworks",
				);
				MARKETING_VERSION = 1.0;
				PRODUCT_BUNDLE_IDENTIFIER = "com.mehmetakyol.SwiftUI-MVVM";
				PRODUCT_NAME = "$(TARGET_NAME)";
				SWIFT_EMIT_LOC_STRINGS = YES;
				SWIFT_VERSION = 5.0;
				TARGETED_DEVICE_FAMILY = "1,2";
			};
			name = Debug;
		};
		55CFE55F2871CC49001B5A66 /* Release */ = {
			isa = XCBuildConfiguration;
			buildSettings = {
				ASSETCATALOG_COMPILER_APPICON_NAME = AppIcon;
				ASSETCATALOG_COMPILER_GLOBAL_ACCENT_COLOR_NAME = AccentColor;
				CODE_SIGN_STYLE = Automatic;
				CURRENT_PROJECT_VERSION = 1;
				DEVELOPMENT_ASSET_PATHS = "\"SwiftUI-MVVM/Preview Content\"";
				DEVELOPMENT_TEAM = D3WUBZ33Q9;
				ENABLE_PREVIEWS = YES;
				GENERATE_INFOPLIST_FILE = YES;
				INFOPLIST_KEY_UIApplicationSceneManifest_Generation = YES;
				INFOPLIST_KEY_UIApplicationSupportsIndirectInputEvents = YES;
				INFOPLIST_KEY_UILaunchScreen_Generation = YES;
				INFOPLIST_KEY_UISupportedInterfaceOrientations_iPad = "UIInterfaceOrientationPortrait UIInterfaceOrientationPortraitUpsideDown UIInterfaceOrientationLandscapeLeft UIInterfaceOrientationLandscapeRight";
				INFOPLIST_KEY_UISupportedInterfaceOrientations_iPhone = "UIInterfaceOrientationPortrait UIInterfaceOrientationLandscapeLeft UIInterfaceOrientationLandscapeRight";
				LD_RUNPATH_SEARCH_PATHS = (
					"$(inherited)",
					"@executable_path/Frameworks",
				);
				MARKETING_VERSION = 1.0;
				PRODUCT_BUNDLE_IDENTIFIER = "com.mehmetakyol.SwiftUI-MVVM";
				PRODUCT_NAME = "$(TARGET_NAME)";
				SWIFT_EMIT_LOC_STRINGS = YES;
				SWIFT_VERSION = 5.0;
				TARGETED_DEVICE_FAMILY = "1,2";
			};
			name = Release;
		};
		55CFE5612871CC49001B5A66 /* Debug */ = {
			isa = XCBuildConfiguration;
			buildSettings = {
				ALWAYS_EMBED_SWIFT_STANDARD_LIBRARIES = YES;
				BUNDLE_LOADER = "$(TEST_HOST)";
				CODE_SIGN_STYLE = Automatic;
				CURRENT_PROJECT_VERSION = 1;
				DEVELOPMENT_TEAM = D3WUBZ33Q9;
				GENERATE_INFOPLIST_FILE = YES;
				IPHONEOS_DEPLOYMENT_TARGET = 15.4;
				MARKETING_VERSION = 1.0;
				PRODUCT_BUNDLE_IDENTIFIER = "com.mehmetakyol.SwiftUI-MVVMTests";
				PRODUCT_NAME = "$(TARGET_NAME)";
				SWIFT_EMIT_LOC_STRINGS = NO;
				SWIFT_VERSION = 5.0;
				TARGETED_DEVICE_FAMILY = "1,2";
				TEST_HOST = "$(BUILT_PRODUCTS_DIR)/SwiftUI-MVVM.app/SwiftUI-MVVM";
			};
			name = Debug;
		};
		55CFE5622871CC49001B5A66 /* Release */ = {
			isa = XCBuildConfiguration;
			buildSettings = {
				ALWAYS_EMBED_SWIFT_STANDARD_LIBRARIES = YES;
				BUNDLE_LOADER = "$(TEST_HOST)";
				CODE_SIGN_STYLE = Automatic;
				CURRENT_PROJECT_VERSION = 1;
				DEVELOPMENT_TEAM = D3WUBZ33Q9;
				GENERATE_INFOPLIST_FILE = YES;
				IPHONEOS_DEPLOYMENT_TARGET = 15.4;
				MARKETING_VERSION = 1.0;
				PRODUCT_BUNDLE_IDENTIFIER = "com.mehmetakyol.SwiftUI-MVVMTests";
				PRODUCT_NAME = "$(TARGET_NAME)";
				SWIFT_EMIT_LOC_STRINGS = NO;
				SWIFT_VERSION = 5.0;
				TARGETED_DEVICE_FAMILY = "1,2";
				TEST_HOST = "$(BUILT_PRODUCTS_DIR)/SwiftUI-MVVM.app/SwiftUI-MVVM";
			};
			name = Release;
		};
		55CFE5642871CC49001B5A66 /* Debug */ = {
			isa = XCBuildConfiguration;
			buildSettings = {
				ALWAYS_EMBED_SWIFT_STANDARD_LIBRARIES = YES;
				CODE_SIGN_STYLE = Automatic;
				CURRENT_PROJECT_VERSION = 1;
				DEVELOPMENT_TEAM = D3WUBZ33Q9;
				GENERATE_INFOPLIST_FILE = YES;
				MARKETING_VERSION = 1.0;
				PRODUCT_BUNDLE_IDENTIFIER = "com.mehmetakyol.SwiftUI-MVVMUITests";
				PRODUCT_NAME = "$(TARGET_NAME)";
				SWIFT_EMIT_LOC_STRINGS = NO;
				SWIFT_VERSION = 5.0;
				TARGETED_DEVICE_FAMILY = "1,2";
				TEST_TARGET_NAME = "SwiftUI-MVVM";
			};
			name = Debug;
		};
		55CFE5652871CC49001B5A66 /* Release */ = {
			isa = XCBuildConfiguration;
			buildSettings = {
				ALWAYS_EMBED_SWIFT_STANDARD_LIBRARIES = YES;
				CODE_SIGN_STYLE = Automatic;
				CURRENT_PROJECT_VERSION = 1;
				DEVELOPMENT_TEAM = D3WUBZ33Q9;
				GENERATE_INFOPLIST_FILE = YES;
				MARKETING_VERSION = 1.0;
				PRODUCT_BUNDLE_IDENTIFIER = "com.mehmetakyol.SwiftUI-MVVMUITests";
				PRODUCT_NAME = "$(TARGET_NAME)";
				SWIFT_EMIT_LOC_STRINGS = NO;
				SWIFT_VERSION = 5.0;
				TARGETED_DEVICE_FAMILY = "1,2";
				TEST_TARGET_NAME = "SwiftUI-MVVM";
			};
			name = Release;
		};
/* End XCBuildConfiguration section */

/* Begin XCConfigurationList section */
		55CFE5342871CC44001B5A66 /* Build configuration list for PBXProject "SwiftUI-MVVM" */ = {
			isa = XCConfigurationList;
			buildConfigurations = (
				55CFE55B2871CC49001B5A66 /* Debug */,
				55CFE55C2871CC49001B5A66 /* Release */,
			);
			defaultConfigurationIsVisible = 0;
			defaultConfigurationName = Release;
		};
		55CFE55D2871CC49001B5A66 /* Build configuration list for PBXNativeTarget "SwiftUI-MVVM" */ = {
			isa = XCConfigurationList;
			buildConfigurations = (
				55CFE55E2871CC49001B5A66 /* Debug */,
				55CFE55F2871CC49001B5A66 /* Release */,
			);
			defaultConfigurationIsVisible = 0;
			defaultConfigurationName = Release;
		};
		55CFE5602871CC49001B5A66 /* Build configuration list for PBXNativeTarget "SwiftUI-MVVMTests" */ = {
			isa = XCConfigurationList;
			buildConfigurations = (
				55CFE5612871CC49001B5A66 /* Debug */,
				55CFE5622871CC49001B5A66 /* Release */,
			);
			defaultConfigurationIsVisible = 0;
			defaultConfigurationName = Release;
		};
		55CFE5632871CC49001B5A66 /* Build configuration list for PBXNativeTarget "SwiftUI-MVVMUITests" */ = {
			isa = XCConfigurationList;
			buildConfigurations = (
				55CFE5642871CC49001B5A66 /* Debug */,
				55CFE5652871CC49001B5A66 /* Release */,
			);
			defaultConfigurationIsVisible = 0;
			defaultConfigurationName = Release;
		};
/* End XCConfigurationList section */

/* Begin XCRemoteSwiftPackageReference section */
		55CFE5702871CE30001B5A66 /* XCRemoteSwiftPackageReference "Alamofire" */ = {
			isa = XCRemoteSwiftPackageReference;
			repositoryURL = "https://github.com/Alamofire/Alamofire";
			requirement = {
				branch = master;
				kind = branch;
			};
		};
/* End XCRemoteSwiftPackageReference section */

/* Begin XCSwiftPackageProductDependency section */
		55CFE5712871CE30001B5A66 /* Alamofire */ = {
			isa = XCSwiftPackageProductDependency;
			package = 55CFE5702871CE30001B5A66 /* XCRemoteSwiftPackageReference "Alamofire" */;
			productName = Alamofire;
		};
/* End XCSwiftPackageProductDependency section */
	};
	rootObject = 55CFE5312871CC44001B5A66 /* Project object */;
}
